// !$*UTF8*$!
{
	archiveVersion = 1;
	classes = {
	};
	objectVersion = 50;
	objects = {

/* Begin PBXBuildFile section */
		3D8C1DA3271428CE00F0AC13 /* AppDelegate.swift in Sources */ = {isa = PBXBuildFile; fileRef = 3D8C1DA2271428CE00F0AC13 /* AppDelegate.swift */; };
		3D8C1DA5271428CE00F0AC13 /* SceneDelegate.swift in Sources */ = {isa = PBXBuildFile; fileRef = 3D8C1DA4271428CE00F0AC13 /* SceneDelegate.swift */; };
		3D8C1DA7271428CE00F0AC13 /* ExerciseOverviewVC.swift in Sources */ = {isa = PBXBuildFile; fileRef = 3D8C1DA6271428CE00F0AC13 /* ExerciseOverviewVC.swift */; };
		3D8C1DAA271428CE00F0AC13 /* Main.storyboard in Resources */ = {isa = PBXBuildFile; fileRef = 3D8C1DA8271428CE00F0AC13 /* Main.storyboard */; };
		3D8C1DAC271428CF00F0AC13 /* Assets.xcassets in Resources */ = {isa = PBXBuildFile; fileRef = 3D8C1DAB271428CF00F0AC13 /* Assets.xcassets */; };
		3D8C1DAF271428CF00F0AC13 /* LaunchScreen.storyboard in Resources */ = {isa = PBXBuildFile; fileRef = 3D8C1DAD271428CF00F0AC13 /* LaunchScreen.storyboard */; };
		3D8C1DBA271428CF00F0AC13 /* exercise_case_studyTests.swift in Sources */ = {isa = PBXBuildFile; fileRef = 3D8C1DB9271428CF00F0AC13 /* exercise_case_studyTests.swift */; };
		3D8C1DC5271428CF00F0AC13 /* exercise_case_studyUITests.swift in Sources */ = {isa = PBXBuildFile; fileRef = 3D8C1DC4271428CF00F0AC13 /* exercise_case_studyUITests.swift */; };
		3DECB01A27144A07001850D6 /* ExerciseDetailsVC.swift in Sources */ = {isa = PBXBuildFile; fileRef = 3DECB01827144A07001850D6 /* ExerciseDetailsVC.swift */; };
		3DECB01B27144A07001850D6 /* ExerciseDetailsVC.xib in Resources */ = {isa = PBXBuildFile; fileRef = 3DECB01927144A07001850D6 /* ExerciseDetailsVC.xib */; };
		3DECB01E27144A3A001850D6 /* Exercise.swift in Sources */ = {isa = PBXBuildFile; fileRef = 3DECB01D27144A3A001850D6 /* Exercise.swift */; };
		3DECB02127144A73001850D6 /* ExerciseSummaryManager.swift in Sources */ = {isa = PBXBuildFile; fileRef = 3DECB02027144A73001850D6 /* ExerciseSummaryManager.swift */; };
		3DECB02427144AB1001850D6 /* StringExtensions.swift in Sources */ = {isa = PBXBuildFile; fileRef = 3DECB02327144AB1001850D6 /* StringExtensions.swift */; };
		3DECB02927144AF7001850D6 /* EndPoint.swift in Sources */ = {isa = PBXBuildFile; fileRef = 3DECB02827144AF7001850D6 /* EndPoint.swift */; };
		3DECB02E27144BE3001850D6 /* ExerciseOverviewVM.swift in Sources */ = {isa = PBXBuildFile; fileRef = 3DECB02D27144BE3001850D6 /* ExerciseOverviewVM.swift */; };
		98E4626CBD4A24A17D8667AF /* Pods_exercise_case_studyTests.framework in Frameworks */ = {isa = PBXBuildFile; fileRef = 69C01A1619215D5C27D92464 /* Pods_exercise_case_studyTests.framework */; };
		ABFC024ADFB6871845AFF84F /* Pods_exercise_case_study_exercise_case_studyUITests.framework in Frameworks */ = {isa = PBXBuildFile; fileRef = FECC90F82EB285D64840B792 /* Pods_exercise_case_study_exercise_case_studyUITests.framework */; };
		FA96FFE16AD87887C82B1550 /* Pods_exercise_case_study.framework in Frameworks */ = {isa = PBXBuildFile; fileRef = 07ABF79F75305EF99099D44C /* Pods_exercise_case_study.framework */; };
/* End PBXBuildFile section */

/* Begin PBXContainerItemProxy section */
		3D8C1DB6271428CF00F0AC13 /* PBXContainerItemProxy */ = {
			isa = PBXContainerItemProxy;
			containerPortal = 3D8C1D97271428CE00F0AC13 /* Project object */;
			proxyType = 1;
			remoteGlobalIDString = 3D8C1D9E271428CE00F0AC13;
			remoteInfo = exercise_case_study;
		};
		3D8C1DC1271428CF00F0AC13 /* PBXContainerItemProxy */ = {
			isa = PBXContainerItemProxy;
			containerPortal = 3D8C1D97271428CE00F0AC13 /* Project object */;
			proxyType = 1;
			remoteGlobalIDString = 3D8C1D9E271428CE00F0AC13;
			remoteInfo = exercise_case_study;
		};
/* End PBXContainerItemProxy section */

/* Begin PBXFileReference section */
		07ABF79F75305EF99099D44C /* Pods_exercise_case_study.framework */ = {isa = PBXFileReference; explicitFileType = wrapper.framework; includeInIndex = 0; path = Pods_exercise_case_study.framework; sourceTree = BUILT_PRODUCTS_DIR; };
		27431E24BD15993E7E6B0D78 /* Pods-exercise_case_study-exercise_case_studyUITests.debug.xcconfig */ = {isa = PBXFileReference; includeInIndex = 1; lastKnownFileType = text.xcconfig; name = "Pods-exercise_case_study-exercise_case_studyUITests.debug.xcconfig"; path = "Target Support Files/Pods-exercise_case_study-exercise_case_studyUITests/Pods-exercise_case_study-exercise_case_studyUITests.debug.xcconfig"; sourceTree = "<group>"; };
		3D8C1D9F271428CE00F0AC13 /* exercise_case_study.app */ = {isa = PBXFileReference; explicitFileType = wrapper.application; includeInIndex = 0; path = exercise_case_study.app; sourceTree = BUILT_PRODUCTS_DIR; };
		3D8C1DA2271428CE00F0AC13 /* AppDelegate.swift */ = {isa = PBXFileReference; lastKnownFileType = sourcecode.swift; path = AppDelegate.swift; sourceTree = "<group>"; };
		3D8C1DA4271428CE00F0AC13 /* SceneDelegate.swift */ = {isa = PBXFileReference; lastKnownFileType = sourcecode.swift; path = SceneDelegate.swift; sourceTree = "<group>"; };
		3D8C1DA6271428CE00F0AC13 /* ExerciseOverviewVC.swift */ = {isa = PBXFileReference; lastKnownFileType = sourcecode.swift; path = ExerciseOverviewVC.swift; sourceTree = "<group>"; };
		3D8C1DA9271428CE00F0AC13 /* Base */ = {isa = PBXFileReference; lastKnownFileType = file.storyboard; name = Base; path = Base.lproj/Main.storyboard; sourceTree = "<group>"; };
		3D8C1DAB271428CF00F0AC13 /* Assets.xcassets */ = {isa = PBXFileReference; lastKnownFileType = folder.assetcatalog; path = Assets.xcassets; sourceTree = "<group>"; };
		3D8C1DAE271428CF00F0AC13 /* Base */ = {isa = PBXFileReference; lastKnownFileType = file.storyboard; name = Base; path = Base.lproj/LaunchScreen.storyboard; sourceTree = "<group>"; };
		3D8C1DB0271428CF00F0AC13 /* Info.plist */ = {isa = PBXFileReference; lastKnownFileType = text.plist.xml; path = Info.plist; sourceTree = "<group>"; };
		3D8C1DB5271428CF00F0AC13 /* exercise_case_studyTests.xctest */ = {isa = PBXFileReference; explicitFileType = wrapper.cfbundle; includeInIndex = 0; path = exercise_case_studyTests.xctest; sourceTree = BUILT_PRODUCTS_DIR; };
		3D8C1DB9271428CF00F0AC13 /* exercise_case_studyTests.swift */ = {isa = PBXFileReference; lastKnownFileType = sourcecode.swift; path = exercise_case_studyTests.swift; sourceTree = "<group>"; };
		3D8C1DBB271428CF00F0AC13 /* Info.plist */ = {isa = PBXFileReference; lastKnownFileType = text.plist.xml; path = Info.plist; sourceTree = "<group>"; };
		3D8C1DC0271428CF00F0AC13 /* exercise_case_studyUITests.xctest */ = {isa = PBXFileReference; explicitFileType = wrapper.cfbundle; includeInIndex = 0; path = exercise_case_studyUITests.xctest; sourceTree = BUILT_PRODUCTS_DIR; };
		3D8C1DC4271428CF00F0AC13 /* exercise_case_studyUITests.swift */ = {isa = PBXFileReference; lastKnownFileType = sourcecode.swift; path = exercise_case_studyUITests.swift; sourceTree = "<group>"; };
		3D8C1DC6271428CF00F0AC13 /* Info.plist */ = {isa = PBXFileReference; lastKnownFileType = text.plist.xml; path = Info.plist; sourceTree = "<group>"; };
		3DECB01827144A07001850D6 /* ExerciseDetailsVC.swift */ = {isa = PBXFileReference; lastKnownFileType = sourcecode.swift; path = ExerciseDetailsVC.swift; sourceTree = "<group>"; };
		3DECB01927144A07001850D6 /* ExerciseDetailsVC.xib */ = {isa = PBXFileReference; lastKnownFileType = file.xib; path = ExerciseDetailsVC.xib; sourceTree = "<group>"; };
		3DECB01D27144A3A001850D6 /* Exercise.swift */ = {isa = PBXFileReference; lastKnownFileType = sourcecode.swift; path = Exercise.swift; sourceTree = "<group>"; };
		3DECB02027144A73001850D6 /* ExerciseSummaryManager.swift */ = {isa = PBXFileReference; lastKnownFileType = sourcecode.swift; path = ExerciseSummaryManager.swift; sourceTree = "<group>"; };
		3DECB02327144AB1001850D6 /* StringExtensions.swift */ = {isa = PBXFileReference; lastKnownFileType = sourcecode.swift; path = StringExtensions.swift; sourceTree = "<group>"; };
		3DECB02827144AF7001850D6 /* EndPoint.swift */ = {isa = PBXFileReference; lastKnownFileType = sourcecode.swift; path = EndPoint.swift; sourceTree = "<group>"; };
		3DECB02D27144BE3001850D6 /* ExerciseOverviewVM.swift */ = {isa = PBXFileReference; lastKnownFileType = sourcecode.swift; path = ExerciseOverviewVM.swift; sourceTree = "<group>"; };
		3FCB96EFC778DCA3324A2AB4 /* Pods-exercise_case_studyTests.release.xcconfig */ = {isa = PBXFileReference; includeInIndex = 1; lastKnownFileType = text.xcconfig; name = "Pods-exercise_case_studyTests.release.xcconfig"; path = "Target Support Files/Pods-exercise_case_studyTests/Pods-exercise_case_studyTests.release.xcconfig"; sourceTree = "<group>"; };
		69C01A1619215D5C27D92464 /* Pods_exercise_case_studyTests.framework */ = {isa = PBXFileReference; explicitFileType = wrapper.framework; includeInIndex = 0; path = Pods_exercise_case_studyTests.framework; sourceTree = BUILT_PRODUCTS_DIR; };
		B23F577ABAF2834E83B68AC2 /* Pods-exercise_case_study-exercise_case_studyUITests.release.xcconfig */ = {isa = PBXFileReference; includeInIndex = 1; lastKnownFileType = text.xcconfig; name = "Pods-exercise_case_study-exercise_case_studyUITests.release.xcconfig"; path = "Target Support Files/Pods-exercise_case_study-exercise_case_studyUITests/Pods-exercise_case_study-exercise_case_studyUITests.release.xcconfig"; sourceTree = "<group>"; };
		CCE396272BC1ECA3B289D8C0 /* Pods-exercise_case_study.release.xcconfig */ = {isa = PBXFileReference; includeInIndex = 1; lastKnownFileType = text.xcconfig; name = "Pods-exercise_case_study.release.xcconfig"; path = "Target Support Files/Pods-exercise_case_study/Pods-exercise_case_study.release.xcconfig"; sourceTree = "<group>"; };
		D1960136044CD280F21F81F6 /* Pods-exercise_case_study.debug.xcconfig */ = {isa = PBXFileReference; includeInIndex = 1; lastKnownFileType = text.xcconfig; name = "Pods-exercise_case_study.debug.xcconfig"; path = "Target Support Files/Pods-exercise_case_study/Pods-exercise_case_study.debug.xcconfig"; sourceTree = "<group>"; };
		E444687025ABB35CF6A5B175 /* Pods-exercise_case_studyTests.debug.xcconfig */ = {isa = PBXFileReference; includeInIndex = 1; lastKnownFileType = text.xcconfig; name = "Pods-exercise_case_studyTests.debug.xcconfig"; path = "Target Support Files/Pods-exercise_case_studyTests/Pods-exercise_case_studyTests.debug.xcconfig"; sourceTree = "<group>"; };
		FECC90F82EB285D64840B792 /* Pods_exercise_case_study_exercise_case_studyUITests.framework */ = {isa = PBXFileReference; explicitFileType = wrapper.framework; includeInIndex = 0; path = Pods_exercise_case_study_exercise_case_studyUITests.framework; sourceTree = BUILT_PRODUCTS_DIR; };
/* End PBXFileReference section */

/* Begin PBXFrameworksBuildPhase section */
		3D8C1D9C271428CE00F0AC13 /* Frameworks */ = {
			isa = PBXFrameworksBuildPhase;
			buildActionMask = 2147483647;
			files = (
				FA96FFE16AD87887C82B1550 /* Pods_exercise_case_study.framework in Frameworks */,
			);
			runOnlyForDeploymentPostprocessing = 0;
		};
		3D8C1DB2271428CF00F0AC13 /* Frameworks */ = {
			isa = PBXFrameworksBuildPhase;
			buildActionMask = 2147483647;
			files = (
				98E4626CBD4A24A17D8667AF /* Pods_exercise_case_studyTests.framework in Frameworks */,
			);
			runOnlyForDeploymentPostprocessing = 0;
		};
		3D8C1DBD271428CF00F0AC13 /* Frameworks */ = {
			isa = PBXFrameworksBuildPhase;
			buildActionMask = 2147483647;
			files = (
				ABFC024ADFB6871845AFF84F /* Pods_exercise_case_study_exercise_case_studyUITests.framework in Frameworks */,
			);
			runOnlyForDeploymentPostprocessing = 0;
		};
/* End PBXFrameworksBuildPhase section */

/* Begin PBXGroup section */
		3D8C1D96271428CE00F0AC13 = {
			isa = PBXGroup;
			children = (
				3D8C1DA1271428CE00F0AC13 /* exercise_case_study */,
				3D8C1DB8271428CF00F0AC13 /* exercise_case_studyTests */,
				3D8C1DC3271428CF00F0AC13 /* exercise_case_studyUITests */,
				3D8C1DA0271428CE00F0AC13 /* Products */,
				A71440DAB57650A5FA9F0285 /* Pods */,
				8E68E0019A5BC23240990A1A /* Frameworks */,
			);
			sourceTree = "<group>";
		};
		3D8C1DA0271428CE00F0AC13 /* Products */ = {
			isa = PBXGroup;
			children = (
				3D8C1D9F271428CE00F0AC13 /* exercise_case_study.app */,
				3D8C1DB5271428CF00F0AC13 /* exercise_case_studyTests.xctest */,
				3D8C1DC0271428CF00F0AC13 /* exercise_case_studyUITests.xctest */,
			);
			name = Products;
			sourceTree = "<group>";
		};
		3D8C1DA1271428CE00F0AC13 /* exercise_case_study */ = {
			isa = PBXGroup;
			children = (
				3DECB02A27144B0C001850D6 /* Screens */,
				3DECB02727144AEB001850D6 /* Networking */,
				3DECB02227144A9D001850D6 /* Extensions */,
				3DECB01F27144A62001850D6 /* Managers */,
				3DECB01C27144A2C001850D6 /* Models */,
				3D8C1DA2271428CE00F0AC13 /* AppDelegate.swift */,
				3D8C1DA4271428CE00F0AC13 /* SceneDelegate.swift */,
				3D8C1DAB271428CF00F0AC13 /* Assets.xcassets */,
				3D8C1DAD271428CF00F0AC13 /* LaunchScreen.storyboard */,
				3D8C1DB0271428CF00F0AC13 /* Info.plist */,
			);
			path = exercise_case_study;
			sourceTree = "<group>";
		};
		3D8C1DB8271428CF00F0AC13 /* exercise_case_studyTests */ = {
			isa = PBXGroup;
			children = (
				3D8C1DB9271428CF00F0AC13 /* exercise_case_studyTests.swift */,
				3D8C1DBB271428CF00F0AC13 /* Info.plist */,
			);
			path = exercise_case_studyTests;
			sourceTree = "<group>";
		};
		3D8C1DC3271428CF00F0AC13 /* exercise_case_studyUITests */ = {
			isa = PBXGroup;
			children = (
				3D8C1DC4271428CF00F0AC13 /* exercise_case_studyUITests.swift */,
				3D8C1DC6271428CF00F0AC13 /* Info.plist */,
			);
			path = exercise_case_studyUITests;
			sourceTree = "<group>";
		};
		3DECB01C27144A2C001850D6 /* Models */ = {
			isa = PBXGroup;
			children = (
				3DECB01D27144A3A001850D6 /* Exercise.swift */,
			);
			path = Models;
			sourceTree = "<group>";
		};
		3DECB01F27144A62001850D6 /* Managers */ = {
			isa = PBXGroup;
			children = (
				3DECB02027144A73001850D6 /* ExerciseSummaryManager.swift */,
			);
			path = Managers;
			sourceTree = "<group>";
		};
		3DECB02227144A9D001850D6 /* Extensions */ = {
			isa = PBXGroup;
			children = (
				3DECB02327144AB1001850D6 /* StringExtensions.swift */,
			);
			path = Extensions;
			sourceTree = "<group>";
		};
		3DECB02727144AEB001850D6 /* Networking */ = {
			isa = PBXGroup;
			children = (
				3DECB02827144AF7001850D6 /* EndPoint.swift */,
			);
			path = Networking;
			sourceTree = "<group>";
		};
		3DECB02A27144B0C001850D6 /* Screens */ = {
			isa = PBXGroup;
			children = (
				3DECB02C27144B40001850D6 /* ExerciseDetails */,
				3DECB02B27144B30001850D6 /* ExerciseOverview */,
			);
			path = Screens;
			sourceTree = "<group>";
		};
		3DECB02B27144B30001850D6 /* ExerciseOverview */ = {
			isa = PBXGroup;
			children = (
				3D8C1DA8271428CE00F0AC13 /* Main.storyboard */,
				3D8C1DA6271428CE00F0AC13 /* ExerciseOverviewVC.swift */,
				3DECB02D27144BE3001850D6 /* ExerciseOverviewVM.swift */,
			);
			path = ExerciseOverview;
			sourceTree = "<group>";
		};
		3DECB02C27144B40001850D6 /* ExerciseDetails */ = {
			isa = PBXGroup;
			children = (
				3DECB01827144A07001850D6 /* ExerciseDetailsVC.swift */,
				3DECB01927144A07001850D6 /* ExerciseDetailsVC.xib */,
			);
			path = ExerciseDetails;
			sourceTree = "<group>";
		};
		8E68E0019A5BC23240990A1A /* Frameworks */ = {
			isa = PBXGroup;
			children = (
				07ABF79F75305EF99099D44C /* Pods_exercise_case_study.framework */,
				FECC90F82EB285D64840B792 /* Pods_exercise_case_study_exercise_case_studyUITests.framework */,
				69C01A1619215D5C27D92464 /* Pods_exercise_case_studyTests.framework */,
			);
			name = Frameworks;
			sourceTree = "<group>";
		};
		A71440DAB57650A5FA9F0285 /* Pods */ = {
			isa = PBXGroup;
			children = (
				D1960136044CD280F21F81F6 /* Pods-exercise_case_study.debug.xcconfig */,
				CCE396272BC1ECA3B289D8C0 /* Pods-exercise_case_study.release.xcconfig */,
				27431E24BD15993E7E6B0D78 /* Pods-exercise_case_study-exercise_case_studyUITests.debug.xcconfig */,
				B23F577ABAF2834E83B68AC2 /* Pods-exercise_case_study-exercise_case_studyUITests.release.xcconfig */,
				E444687025ABB35CF6A5B175 /* Pods-exercise_case_studyTests.debug.xcconfig */,
				3FCB96EFC778DCA3324A2AB4 /* Pods-exercise_case_studyTests.release.xcconfig */,
			);
			path = Pods;
			sourceTree = "<group>";
		};
/* End PBXGroup section */

/* Begin PBXNativeTarget section */
		3D8C1D9E271428CE00F0AC13 /* exercise_case_study */ = {
			isa = PBXNativeTarget;
			buildConfigurationList = 3D8C1DC9271428CF00F0AC13 /* Build configuration list for PBXNativeTarget "exercise_case_study" */;
			buildPhases = (
				06F4D113132DD00D88F4A724 /* [CP] Check Pods Manifest.lock */,
				3D8C1D9B271428CE00F0AC13 /* Sources */,
				3D8C1D9C271428CE00F0AC13 /* Frameworks */,
				3D8C1D9D271428CE00F0AC13 /* Resources */,
			);
			buildRules = (
			);
			dependencies = (
			);
			name = exercise_case_study;
			productName = exercise_case_study;
			productReference = 3D8C1D9F271428CE00F0AC13 /* exercise_case_study.app */;
			productType = "com.apple.product-type.application";
		};
		3D8C1DB4271428CF00F0AC13 /* exercise_case_studyTests */ = {
			isa = PBXNativeTarget;
			buildConfigurationList = 3D8C1DCC271428CF00F0AC13 /* Build configuration list for PBXNativeTarget "exercise_case_studyTests" */;
			buildPhases = (
				1A70A728928642A6A3813FDF /* [CP] Check Pods Manifest.lock */,
				3D8C1DB1271428CF00F0AC13 /* Sources */,
				3D8C1DB2271428CF00F0AC13 /* Frameworks */,
				3D8C1DB3271428CF00F0AC13 /* Resources */,
			);
			buildRules = (
			);
			dependencies = (
				3D8C1DB7271428CF00F0AC13 /* PBXTargetDependency */,
			);
			name = exercise_case_studyTests;
			productName = exercise_case_studyTests;
			productReference = 3D8C1DB5271428CF00F0AC13 /* exercise_case_studyTests.xctest */;
			productType = "com.apple.product-type.bundle.unit-test";
		};
		3D8C1DBF271428CF00F0AC13 /* exercise_case_studyUITests */ = {
			isa = PBXNativeTarget;
			buildConfigurationList = 3D8C1DCF271428CF00F0AC13 /* Build configuration list for PBXNativeTarget "exercise_case_studyUITests" */;
			buildPhases = (
				BFF32E5E2B9D4A45168FAF50 /* [CP] Check Pods Manifest.lock */,
				3D8C1DBC271428CF00F0AC13 /* Sources */,
				3D8C1DBD271428CF00F0AC13 /* Frameworks */,
				3D8C1DBE271428CF00F0AC13 /* Resources */,
			);
			buildRules = (
			);
			dependencies = (
				3D8C1DC2271428CF00F0AC13 /* PBXTargetDependency */,
			);
			name = exercise_case_studyUITests;
			productName = exercise_case_studyUITests;
			productReference = 3D8C1DC0271428CF00F0AC13 /* exercise_case_studyUITests.xctest */;
			productType = "com.apple.product-type.bundle.ui-testing";
		};
/* End PBXNativeTarget section */

/* Begin PBXProject section */
		3D8C1D97271428CE00F0AC13 /* Project object */ = {
			isa = PBXProject;
			attributes = {
				LastSwiftUpdateCheck = 1230;
				LastUpgradeCheck = 1230;
				TargetAttributes = {
					3D8C1D9E271428CE00F0AC13 = {
						CreatedOnToolsVersion = 12.3;
					};
					3D8C1DB4271428CF00F0AC13 = {
						CreatedOnToolsVersion = 12.3;
						TestTargetID = 3D8C1D9E271428CE00F0AC13;
					};
					3D8C1DBF271428CF00F0AC13 = {
						CreatedOnToolsVersion = 12.3;
						TestTargetID = 3D8C1D9E271428CE00F0AC13;
					};
				};
			};
			buildConfigurationList = 3D8C1D9A271428CE00F0AC13 /* Build configuration list for PBXProject "exercise_case_study" */;
			compatibilityVersion = "Xcode 9.3";
			developmentRegion = en;
			hasScannedForEncodings = 0;
			knownRegions = (
				en,
				Base,
			);
			mainGroup = 3D8C1D96271428CE00F0AC13;
			productRefGroup = 3D8C1DA0271428CE00F0AC13 /* Products */;
			projectDirPath = "";
			projectRoot = "";
			targets = (
				3D8C1D9E271428CE00F0AC13 /* exercise_case_study */,
				3D8C1DB4271428CF00F0AC13 /* exercise_case_studyTests */,
				3D8C1DBF271428CF00F0AC13 /* exercise_case_studyUITests */,
			);
		};
/* End PBXProject section */

/* Begin PBXResourcesBuildPhase section */
		3D8C1D9D271428CE00F0AC13 /* Resources */ = {
			isa = PBXResourcesBuildPhase;
			buildActionMask = 2147483647;
			files = (
				3D8C1DAF271428CF00F0AC13 /* LaunchScreen.storyboard in Resources */,
				3DECB01B27144A07001850D6 /* ExerciseDetailsVC.xib in Resources */,
				3D8C1DAC271428CF00F0AC13 /* Assets.xcassets in Resources */,
				3D8C1DAA271428CE00F0AC13 /* Main.storyboard in Resources */,
			);
			runOnlyForDeploymentPostprocessing = 0;
		};
		3D8C1DB3271428CF00F0AC13 /* Resources */ = {
			isa = PBXResourcesBuildPhase;
			buildActionMask = 2147483647;
			files = (
			);
			runOnlyForDeploymentPostprocessing = 0;
		};
		3D8C1DBE271428CF00F0AC13 /* Resources */ = {
			isa = PBXResourcesBuildPhase;
			buildActionMask = 2147483647;
			files = (
			);
			runOnlyForDeploymentPostprocessing = 0;
		};
/* End PBXResourcesBuildPhase section */

/* Begin PBXShellScriptBuildPhase section */
		06F4D113132DD00D88F4A724 /* [CP] Check Pods Manifest.lock */ = {
			isa = PBXShellScriptBuildPhase;
			buildActionMask = 2147483647;
			files = (
			);
			inputFileListPaths = (
			);
			inputPaths = (
				"${PODS_PODFILE_DIR_PATH}/Podfile.lock",
				"${PODS_ROOT}/Manifest.lock",
			);
			name = "[CP] Check Pods Manifest.lock";
			outputFileListPaths = (
			);
			outputPaths = (
				"$(DERIVED_FILE_DIR)/Pods-exercise_case_study-checkManifestLockResult.txt",
			);
			runOnlyForDeploymentPostprocessing = 0;
			shellPath = /bin/sh;
			shellScript = "diff \"${PODS_PODFILE_DIR_PATH}/Podfile.lock\" \"${PODS_ROOT}/Manifest.lock\" > /dev/null\nif [ $? != 0 ] ; then\n    # print error to STDERR\n    echo \"error: The sandbox is not in sync with the Podfile.lock. Run 'pod install' or update your CocoaPods installation.\" >&2\n    exit 1\nfi\n# This output is used by Xcode 'outputs' to avoid re-running this script phase.\necho \"SUCCESS\" > \"${SCRIPT_OUTPUT_FILE_0}\"\n";
			showEnvVarsInLog = 0;
		};
		1A70A728928642A6A3813FDF /* [CP] Check Pods Manifest.lock */ = {
			isa = PBXShellScriptBuildPhase;
			buildActionMask = 2147483647;
			files = (
			);
			inputFileListPaths = (
			);
			inputPaths = (
				"${PODS_PODFILE_DIR_PATH}/Podfile.lock",
				"${PODS_ROOT}/Manifest.lock",
			);
			name = "[CP] Check Pods Manifest.lock";
			outputFileListPaths = (
			);
			outputPaths = (
				"$(DERIVED_FILE_DIR)/Pods-exercise_case_studyTests-checkManifestLockResult.txt",
			);
			runOnlyForDeploymentPostprocessing = 0;
			shellPath = /bin/sh;
			shellScript = "diff \"${PODS_PODFILE_DIR_PATH}/Podfile.lock\" \"${PODS_ROOT}/Manifest.lock\" > /dev/null\nif [ $? != 0 ] ; then\n    # print error to STDERR\n    echo \"error: The sandbox is not in sync with the Podfile.lock. Run 'pod install' or update your CocoaPods installation.\" >&2\n    exit 1\nfi\n# This output is used by Xcode 'outputs' to avoid re-running this script phase.\necho \"SUCCESS\" > \"${SCRIPT_OUTPUT_FILE_0}\"\n";
			showEnvVarsInLog = 0;
		};
		BFF32E5E2B9D4A45168FAF50 /* [CP] Check Pods Manifest.lock */ = {
			isa = PBXShellScriptBuildPhase;
			buildActionMask = 2147483647;
			files = (
			);
			inputFileListPaths = (
			);
			inputPaths = (
				"${PODS_PODFILE_DIR_PATH}/Podfile.lock",
				"${PODS_ROOT}/Manifest.lock",
			);
			name = "[CP] Check Pods Manifest.lock";
			outputFileListPaths = (
			);
			outputPaths = (
				"$(DERIVED_FILE_DIR)/Pods-exercise_case_study-exercise_case_studyUITests-checkManifestLockResult.txt",
			);
			runOnlyForDeploymentPostprocessing = 0;
			shellPath = /bin/sh;
			shellScript = "diff \"${PODS_PODFILE_DIR_PATH}/Podfile.lock\" \"${PODS_ROOT}/Manifest.lock\" > /dev/null\nif [ $? != 0 ] ; then\n    # print error to STDERR\n    echo \"error: The sandbox is not in sync with the Podfile.lock. Run 'pod install' or update your CocoaPods installation.\" >&2\n    exit 1\nfi\n# This output is used by Xcode 'outputs' to avoid re-running this script phase.\necho \"SUCCESS\" > \"${SCRIPT_OUTPUT_FILE_0}\"\n";
			showEnvVarsInLog = 0;
		};
/* End PBXShellScriptBuildPhase section */

/* Begin PBXSourcesBuildPhase section */
		3D8C1D9B271428CE00F0AC13 /* Sources */ = {
			isa = PBXSourcesBuildPhase;
			buildActionMask = 2147483647;
			files = (
				3DECB01E27144A3A001850D6 /* Exercise.swift in Sources */,
				3D8C1DA7271428CE00F0AC13 /* ExerciseOverviewVC.swift in Sources */,
				3DECB02927144AF7001850D6 /* EndPoint.swift in Sources */,
				3DECB02127144A73001850D6 /* ExerciseSummaryManager.swift in Sources */,
				3DECB02427144AB1001850D6 /* StringExtensions.swift in Sources */,
				3DECB01A27144A07001850D6 /* ExerciseDetailsVC.swift in Sources */,
				3D8C1DA3271428CE00F0AC13 /* AppDelegate.swift in Sources */,
				3D8C1DA5271428CE00F0AC13 /* SceneDelegate.swift in Sources */,
				3DECB02E27144BE3001850D6 /* ExerciseOverviewVM.swift in Sources */,
			);
			runOnlyForDeploymentPostprocessing = 0;
		};
		3D8C1DB1271428CF00F0AC13 /* Sources */ = {
			isa = PBXSourcesBuildPhase;
			buildActionMask = 2147483647;
			files = (
				3D8C1DBA271428CF00F0AC13 /* exercise_case_studyTests.swift in Sources */,
			);
			runOnlyForDeploymentPostprocessing = 0;
		};
		3D8C1DBC271428CF00F0AC13 /* Sources */ = {
			isa = PBXSourcesBuildPhase;
			buildActionMask = 2147483647;
			files = (
				3D8C1DC5271428CF00F0AC13 /* exercise_case_studyUITests.swift in Sources */,
			);
			runOnlyForDeploymentPostprocessing = 0;
		};
/* End PBXSourcesBuildPhase section */

/* Begin PBXTargetDependency section */
		3D8C1DB7271428CF00F0AC13 /* PBXTargetDependency */ = {
			isa = PBXTargetDependency;
			target = 3D8C1D9E271428CE00F0AC13 /* exercise_case_study */;
			targetProxy = 3D8C1DB6271428CF00F0AC13 /* PBXContainerItemProxy */;
		};
		3D8C1DC2271428CF00F0AC13 /* PBXTargetDependency */ = {
			isa = PBXTargetDependency;
			target = 3D8C1D9E271428CE00F0AC13 /* exercise_case_study */;
			targetProxy = 3D8C1DC1271428CF00F0AC13 /* PBXContainerItemProxy */;
		};
/* End PBXTargetDependency section */

/* Begin PBXVariantGroup section */
		3D8C1DA8271428CE00F0AC13 /* Main.storyboard */ = {
			isa = PBXVariantGroup;
			children = (
				3D8C1DA9271428CE00F0AC13 /* Base */,
			);
			name = Main.storyboard;
			sourceTree = "<group>";
		};
		3D8C1DAD271428CF00F0AC13 /* LaunchScreen.storyboard */ = {
			isa = PBXVariantGroup;
			children = (
				3D8C1DAE271428CF00F0AC13 /* Base */,
			);
			name = LaunchScreen.storyboard;
			sourceTree = "<group>";
		};
/* End PBXVariantGroup section */

/* Begin XCBuildConfiguration section */
		3D8C1DC7271428CF00F0AC13 /* Debug */ = {
			isa = XCBuildConfiguration;
			buildSettings = {
				ALWAYS_SEARCH_USER_PATHS = NO;
				CLANG_ANALYZER_NONNULL = YES;
				CLANG_ANALYZER_NUMBER_OBJECT_CONVERSION = YES_AGGRESSIVE;
				CLANG_CXX_LANGUAGE_STANDARD = "gnu++14";
				CLANG_CXX_LIBRARY = "libc++";
				CLANG_ENABLE_MODULES = YES;
				CLANG_ENABLE_OBJC_ARC = YES;
				CLANG_ENABLE_OBJC_WEAK = YES;
				CLANG_WARN_BLOCK_CAPTURE_AUTORELEASING = YES;
				CLANG_WARN_BOOL_CONVERSION = YES;
				CLANG_WARN_COMMA = YES;
				CLANG_WARN_CONSTANT_CONVERSION = YES;
				CLANG_WARN_DEPRECATED_OBJC_IMPLEMENTATIONS = YES;
				CLANG_WARN_DIRECT_OBJC_ISA_USAGE = YES_ERROR;
				CLANG_WARN_DOCUMENTATION_COMMENTS = YES;
				CLANG_WARN_EMPTY_BODY = YES;
				CLANG_WARN_ENUM_CONVERSION = YES;
				CLANG_WARN_INFINITE_RECURSION = YES;
				CLANG_WARN_INT_CONVERSION = YES;
				CLANG_WARN_NON_LITERAL_NULL_CONVERSION = YES;
				CLANG_WARN_OBJC_IMPLICIT_RETAIN_SELF = YES;
				CLANG_WARN_OBJC_LITERAL_CONVERSION = YES;
				CLANG_WARN_OBJC_ROOT_CLASS = YES_ERROR;
				CLANG_WARN_QUOTED_INCLUDE_IN_FRAMEWORK_HEADER = YES;
				CLANG_WARN_RANGE_LOOP_ANALYSIS = YES;
				CLANG_WARN_STRICT_PROTOTYPES = YES;
				CLANG_WARN_SUSPICIOUS_MOVE = YES;
				CLANG_WARN_UNGUARDED_AVAILABILITY = YES_AGGRESSIVE;
				CLANG_WARN_UNREACHABLE_CODE = YES;
				CLANG_WARN__DUPLICATE_METHOD_MATCH = YES;
				COPY_PHASE_STRIP = NO;
				DEBUG_INFORMATION_FORMAT = dwarf;
				ENABLE_STRICT_OBJC_MSGSEND = YES;
				ENABLE_TESTABILITY = YES;
				GCC_C_LANGUAGE_STANDARD = gnu11;
				GCC_DYNAMIC_NO_PIC = NO;
				GCC_NO_COMMON_BLOCKS = YES;
				GCC_OPTIMIZATION_LEVEL = 0;
				GCC_PREPROCESSOR_DEFINITIONS = (
					"DEBUG=1",
					"$(inherited)",
				);
				GCC_WARN_64_TO_32_BIT_CONVERSION = YES;
				GCC_WARN_ABOUT_RETURN_TYPE = YES_ERROR;
				GCC_WARN_UNDECLARED_SELECTOR = YES;
				GCC_WARN_UNINITIALIZED_AUTOS = YES_AGGRESSIVE;
				GCC_WARN_UNUSED_FUNCTION = YES;
				GCC_WARN_UNUSED_VARIABLE = YES;
				IPHONEOS_DEPLOYMENT_TARGET = 14.3;
				MTL_ENABLE_DEBUG_INFO = INCLUDE_SOURCE;
				MTL_FAST_MATH = YES;
				ONLY_ACTIVE_ARCH = YES;
				SDKROOT = iphoneos;
				SWIFT_ACTIVE_COMPILATION_CONDITIONS = DEBUG;
				SWIFT_OPTIMIZATION_LEVEL = "-Onone";
			};
			name = Debug;
		};
		3D8C1DC8271428CF00F0AC13 /* Release */ = {
			isa = XCBuildConfiguration;
			buildSettings = {
				ALWAYS_SEARCH_USER_PATHS = NO;
				CLANG_ANALYZER_NONNULL = YES;
				CLANG_ANALYZER_NUMBER_OBJECT_CONVERSION = YES_AGGRESSIVE;
				CLANG_CXX_LANGUAGE_STANDARD = "gnu++14";
				CLANG_CXX_LIBRARY = "libc++";
				CLANG_ENABLE_MODULES = YES;
				CLANG_ENABLE_OBJC_ARC = YES;
				CLANG_ENABLE_OBJC_WEAK = YES;
				CLANG_WARN_BLOCK_CAPTURE_AUTORELEASING = YES;
				CLANG_WARN_BOOL_CONVERSION = YES;
				CLANG_WARN_COMMA = YES;
				CLANG_WARN_CONSTANT_CONVERSION = YES;
				CLANG_WARN_DEPRECATED_OBJC_IMPLEMENTATIONS = YES;
				CLANG_WARN_DIRECT_OBJC_ISA_USAGE = YES_ERROR;
				CLANG_WARN_DOCUMENTATION_COMMENTS = YES;
				CLANG_WARN_EMPTY_BODY = YES;
				CLANG_WARN_ENUM_CONVERSION = YES;
				CLANG_WARN_INFINITE_RECURSION = YES;
				CLANG_WARN_INT_CONVERSION = YES;
				CLANG_WARN_NON_LITERAL_NULL_CONVERSION = YES;
				CLANG_WARN_OBJC_IMPLICIT_RETAIN_SELF = YES;
				CLANG_WARN_OBJC_LITERAL_CONVERSION = YES;
				CLANG_WARN_OBJC_ROOT_CLASS = YES_ERROR;
				CLANG_WARN_QUOTED_INCLUDE_IN_FRAMEWORK_HEADER = YES;
				CLANG_WARN_RANGE_LOOP_ANALYSIS = YES;
				CLANG_WARN_STRICT_PROTOTYPES = YES;
				CLANG_WARN_SUSPICIOUS_MOVE = YES;
				CLANG_WARN_UNGUARDED_AVAILABILITY = YES_AGGRESSIVE;
				CLANG_WARN_UNREACHABLE_CODE = YES;
				CLANG_WARN__DUPLICATE_METHOD_MATCH = YES;
				COPY_PHASE_STRIP = NO;
				DEBUG_INFORMATION_FORMAT = "dwarf-with-dsym";
				ENABLE_NS_ASSERTIONS = NO;
				ENABLE_STRICT_OBJC_MSGSEND = YES;
				GCC_C_LANGUAGE_STANDARD = gnu11;
				GCC_NO_COMMON_BLOCKS = YES;
				GCC_WARN_64_TO_32_BIT_CONVERSION = YES;
				GCC_WARN_ABOUT_RETURN_TYPE = YES_ERROR;
				GCC_WARN_UNDECLARED_SELECTOR = YES;
				GCC_WARN_UNINITIALIZED_AUTOS = YES_AGGRESSIVE;
				GCC_WARN_UNUSED_FUNCTION = YES;
				GCC_WARN_UNUSED_VARIABLE = YES;
				IPHONEOS_DEPLOYMENT_TARGET = 14.3;
				MTL_ENABLE_DEBUG_INFO = NO;
				MTL_FAST_MATH = YES;
				SDKROOT = iphoneos;
				SWIFT_COMPILATION_MODE = wholemodule;
				SWIFT_OPTIMIZATION_LEVEL = "-O";
				VALIDATE_PRODUCT = YES;
			};
			name = Release;
		};
		3D8C1DCA271428CF00F0AC13 /* Debug */ = {
			isa = XCBuildConfiguration;
			baseConfigurationReference = D1960136044CD280F21F81F6 /* Pods-exercise_case_study.debug.xcconfig */;
			buildSettings = {
				ASSETCATALOG_COMPILER_APPICON_NAME = AppIcon;
				ASSETCATALOG_COMPILER_GLOBAL_ACCENT_COLOR_NAME = AccentColor;
				CODE_SIGN_STYLE = Automatic;
				INFOPLIST_FILE = exercise_case_study/Info.plist;
				LD_RUNPATH_SEARCH_PATHS = (
					"$(inherited)",
					"@executable_path/Frameworks",
				);
				PRODUCT_BUNDLE_IDENTIFIER = "kia-health.exercise-case-study";
				PRODUCT_NAME = "$(TARGET_NAME)";
				SWIFT_VERSION = 5.0;
				TARGETED_DEVICE_FAMILY = "1,2";
			};
			name = Debug;
		};
		3D8C1DCB271428CF00F0AC13 /* Release */ = {
			isa = XCBuildConfiguration;
			baseConfigurationReference = CCE396272BC1ECA3B289D8C0 /* Pods-exercise_case_study.release.xcconfig */;
			buildSettings = {
				ASSETCATALOG_COMPILER_APPICON_NAME = AppIcon;
				ASSETCATALOG_COMPILER_GLOBAL_ACCENT_COLOR_NAME = AccentColor;
				CODE_SIGN_STYLE = Automatic;
				INFOPLIST_FILE = exercise_case_study/Info.plist;
				LD_RUNPATH_SEARCH_PATHS = (
					"$(inherited)",
					"@executable_path/Frameworks",
				);
				PRODUCT_BUNDLE_IDENTIFIER = "kia-health.exercise-case-study";
				PRODUCT_NAME = "$(TARGET_NAME)";
				SWIFT_VERSION = 5.0;
				TARGETED_DEVICE_FAMILY = "1,2";
			};
			name = Release;
		};
		3D8C1DCD271428CF00F0AC13 /* Debug */ = {
			isa = XCBuildConfiguration;
			baseConfigurationReference = E444687025ABB35CF6A5B175 /* Pods-exercise_case_studyTests.debug.xcconfig */;
			buildSettings = {
				ALWAYS_EMBED_SWIFT_STANDARD_LIBRARIES = YES;
				BUNDLE_LOADER = "$(TEST_HOST)";
				CODE_SIGN_STYLE = Automatic;
				INFOPLIST_FILE = exercise_case_studyTests/Info.plist;
				IPHONEOS_DEPLOYMENT_TARGET = 14.3;
				LD_RUNPATH_SEARCH_PATHS = (
					"$(inherited)",
					"@executable_path/Frameworks",
					"@loader_path/Frameworks",
				);
				PRODUCT_BUNDLE_IDENTIFIER = "kia-health.exercise-case-studyTests";
				PRODUCT_NAME = "$(TARGET_NAME)";
				SWIFT_VERSION = 5.0;
				TARGETED_DEVICE_FAMILY = "1,2";
				TEST_HOST = "$(BUILT_PRODUCTS_DIR)/exercise_case_study.app/exercise_case_study";
			};
			name = Debug;
		};
		3D8C1DCE271428CF00F0AC13 /* Release */ = {
			isa = XCBuildConfiguration;
			baseConfigurationReference = 3FCB96EFC778DCA3324A2AB4 /* Pods-exercise_case_studyTests.release.xcconfig */;
			buildSettings = {
				ALWAYS_EMBED_SWIFT_STANDARD_LIBRARIES = YES;
				BUNDLE_LOADER = "$(TEST_HOST)";
				CODE_SIGN_STYLE = Automatic;
				INFOPLIST_FILE = exercise_case_studyTests/Info.plist;
				IPHONEOS_DEPLOYMENT_TARGET = 14.3;
				LD_RUNPATH_SEARCH_PATHS = (
					"$(inherited)",
					"@executable_path/Frameworks",
					"@loader_path/Frameworks",
				);
				PRODUCT_BUNDLE_IDENTIFIER = "kia-health.exercise-case-studyTests";
				PRODUCT_NAME = "$(TARGET_NAME)";
				SWIFT_VERSION = 5.0;
				TARGETED_DEVICE_FAMILY = "1,2";
				TEST_HOST = "$(BUILT_PRODUCTS_DIR)/exercise_case_study.app/exercise_case_study";
			};
			name = Release;
		};
		3D8C1DD0271428CF00F0AC13 /* Debug */ = {
			isa = XCBuildConfiguration;
			baseConfigurationReference = 27431E24BD15993E7E6B0D78 /* Pods-exercise_case_study-exercise_case_studyUITests.debug.xcconfig */;
			buildSettings = {
				ALWAYS_EMBED_SWIFT_STANDARD_LIBRARIES = YES;
				CODE_SIGN_STYLE = Automatic;
				INFOPLIST_FILE = exercise_case_studyUITests/Info.plist;
				LD_RUNPATH_SEARCH_PATHS = (
					"$(inherited)",
					"@executable_path/Frameworks",
					"@loader_path/Frameworks",
				);
				PRODUCT_BUNDLE_IDENTIFIER = "kia-health.exercise-case-studyUITests";
				PRODUCT_NAME = "$(TARGET_NAME)";
				SWIFT_VERSION = 5.0;
				TARGETED_DEVICE_FAMILY = "1,2";
				TEST_TARGET_NAME = exercise_case_study;
			};
			name = Debug;
		};
		3D8C1DD1271428CF00F0AC13 /* Release */ = {
			isa = XCBuildConfiguration;
			baseConfigurationReference = B23F577ABAF2834E83B68AC2 /* Pods-exercise_case_study-exercise_case_studyUITests.release.xcconfig */;
			buildSettings = {
				ALWAYS_EMBED_SWIFT_STANDARD_LIBRARIES = YES;
				CODE_SIGN_STYLE = Automatic;
				INFOPLIST_FILE = exercise_case_studyUITests/Info.plist;
				LD_RUNPATH_SEARCH_PATHS = (
					"$(inherited)",
					"@executable_path/Frameworks",
					"@loader_path/Frameworks",
				);
				PRODUCT_BUNDLE_IDENTIFIER = "kia-health.exercise-case-studyUITests";
				PRODUCT_NAME = "$(TARGET_NAME)";
				SWIFT_VERSION = 5.0;
				TARGETED_DEVICE_FAMILY = "1,2";
				TEST_TARGET_NAME = exercise_case_study;
			};
			name = Release;
		};
/* End XCBuildConfiguration section */

/* Begin XCConfigurationList section */
		3D8C1D9A271428CE00F0AC13 /* Build configuration list for PBXProject "exercise_case_study" */ = {
			isa = XCConfigurationList;
			buildConfigurations = (
				3D8C1DC7271428CF00F0AC13 /* Debug */,
				3D8C1DC8271428CF00F0AC13 /* Release */,
			);
			defaultConfigurationIsVisible = 0;
			defaultConfigurationName = Release;
		};
		3D8C1DC9271428CF00F0AC13 /* Build configuration list for PBXNativeTarget "exercise_case_study" */ = {
			isa = XCConfigurationList;
			buildConfigurations = (
				3D8C1DCA271428CF00F0AC13 /* Debug */,
				3D8C1DCB271428CF00F0AC13 /* Release */,
			);
			defaultConfigurationIsVisible = 0;
			defaultConfigurationName = Release;
		};
		3D8C1DCC271428CF00F0AC13 /* Build configuration list for PBXNativeTarget "exercise_case_studyTests" */ = {
			isa = XCConfigurationList;
			buildConfigurations = (
				3D8C1DCD271428CF00F0AC13 /* Debug */,
				3D8C1DCE271428CF00F0AC13 /* Release */,
			);
			defaultConfigurationIsVisible = 0;
			defaultConfigurationName = Release;
		};
		3D8C1DCF271428CF00F0AC13 /* Build configuration list for PBXNativeTarget "exercise_case_studyUITests" */ = {
			isa = XCConfigurationList;
			buildConfigurations = (
				3D8C1DD0271428CF00F0AC13 /* Debug */,
				3D8C1DD1271428CF00F0AC13 /* Release */,
			);
			defaultConfigurationIsVisible = 0;
			defaultConfigurationName = Release;
		};
/* End XCConfigurationList section */
	};
	rootObject = 3D8C1D97271428CE00F0AC13 /* Project object */;
}
